
Microsoft Visual Studio Solution File, Format Version 12.00
# Visual Studio Version 17
VisualStudioVersion = 17.5.002.0
MinimumVisualStudioVersion = 10.0.40219.1
Project("{9A19103F-16F7-4668-BE54-9A1E7A4F7556}") = "mvc", "mvc.csproj", "{DC496CEE-9C30-4B0A-819D-06AAD31FDAC8}"
EndProject
Global
	GlobalSection(SolutionConfigurationPlatforms) = preSolution
		Debug|Any CPU = Debug|Any CPU
		Release|Any CPU = Release|Any CPU
	EndGlobalSection
	GlobalSection(ProjectConfigurationPlatforms) = postSolution
		{DC496CEE-9C30-4B0A-819D-06AAD31FDAC8}.Debug|Any CPU.ActiveCfg = Debug|Any CPU
		{DC496CEE-9C30-4B0A-819D-06AAD31FDAC8}.Debug|Any CPU.Build.0 = Debug|Any CPU
		{DC496CEE-9C30-4B0A-819D-06AAD31FDAC8}.Release|Any CPU.ActiveCfg = Release|Any CPU
		{DC496CEE-9C30-4B0A-819D-06AAD31FDAC8}.Release|Any CPU.Build.0 = Release|Any CPU
	EndGlobalSection
	GlobalSection(SolutionProperties) = preSolution
		HideSolutionNode = FALSE
	EndGlobalSection
	GlobalSection(ExtensibilityGlobals) = postSolution
		SolutionGuid = {29445DD6-CAC4-4667-AA70-C06A6D0EB64C}
	EndGlobalSection
EndGlobal
